
Microsoft Visual Studio Solution File, Format Version 12.00
# Visual Studio Version 17
VisualStudioVersion = 17.7.34221.43
MinimumVisualStudioVersion = 10.0.40219.1
Project("{FAE04EC0-301F-11D3-BF4B-00C04F79EFBC}") = "Calculatrice", "Calculatrice\Calculatrice.csproj", "{12F44208-CC40-4ECD-8573-3D9D3C255903}"
EndProject
Global
	GlobalSection(SolutionConfigurationPlatforms) = preSolution
		Debug|Any CPU = Debug|Any CPU
		Release|Any CPU = Release|Any CPU
	EndGlobalSection
	GlobalSection(ProjectConfigurationPlatforms) = postSolution
		{12F44208-CC40-4ECD-8573-3D9D3C255903}.Debug|Any CPU.ActiveCfg = Debug|Any CPU
		{12F44208-CC40-4ECD-8573-3D9D3C255903}.Debug|Any CPU.Build.0 = Debug|Any CPU
		{12F44208-CC40-4ECD-8573-3D9D3C255903}.Release|Any CPU.ActiveCfg = Release|Any CPU
		{12F44208-CC40-4ECD-8573-3D9D3C255903}.Release|Any CPU.Build.0 = Release|Any CPU
	EndGlobalSection
	GlobalSection(SolutionProperties) = preSolution
		HideSolutionNode = FALSE
	EndGlobalSection
	GlobalSection(ExtensibilityGlobals) = postSolution
		SolutionGuid = {AFE88B1C-1E6A-44A9-8451-351677F3B110}
	EndGlobalSection
EndGlobal
